
Microsoft Visual Studio Solution File, Format Version 12.00
# Visual Studio 14
VisualStudioVersion = 14.0.25420.1
MinimumVisualStudioVersion = 10.0.40219.1
Project("{FAE04EC0-301F-11D3-BF4B-00C04F79EFBC}") = "Sender_Receiver", "Sender_Receiver\Sender_Receiver.csproj", "{E319B9B6-1D3A-4415-968B-5D2AC0233498}"
EndProject
Project("{FAE04EC0-301F-11D3-BF4B-00C04F79EFBC}") = "Receive", "Receive\Receive.csproj", "{F66F8B2C-EA31-484B-809A-9B36F169A83C}"
EndProject
Project("{FAE04EC0-301F-11D3-BF4B-00C04F79EFBC}") = "BusinessObject", "BusinessObject\BusinessObject.csproj", "{1E7D6D5B-F4C7-4924-8CB6-946E465A94EE}"
EndProject
Global
	GlobalSection(SolutionConfigurationPlatforms) = preSolution
		Debug|Any CPU = Debug|Any CPU
		Debug|ARM = Debug|ARM
		Debug|x64 = Debug|x64
		Debug|x86 = Debug|x86
		Release|Any CPU = Release|Any CPU
		Release|ARM = Release|ARM
		Release|x64 = Release|x64
		Release|x86 = Release|x86
	EndGlobalSection
	GlobalSection(ProjectConfigurationPlatforms) = postSolution
		{E319B9B6-1D3A-4415-968B-5D2AC0233498}.Debug|Any CPU.ActiveCfg = Debug|Any CPU
		{E319B9B6-1D3A-4415-968B-5D2AC0233498}.Debug|Any CPU.Build.0 = Debug|Any CPU
		{E319B9B6-1D3A-4415-968B-5D2AC0233498}.Debug|ARM.ActiveCfg = Debug|Any CPU
		{E319B9B6-1D3A-4415-968B-5D2AC0233498}.Debug|ARM.Build.0 = Debug|Any CPU
		{E319B9B6-1D3A-4415-968B-5D2AC0233498}.Debug|x64.ActiveCfg = Debug|Any CPU
		{E319B9B6-1D3A-4415-968B-5D2AC0233498}.Debug|x64.Build.0 = Debug|Any CPU
		{E319B9B6-1D3A-4415-968B-5D2AC0233498}.Debug|x86.ActiveCfg = Debug|Any CPU
		{E319B9B6-1D3A-4415-968B-5D2AC0233498}.Debug|x86.Build.0 = Debug|Any CPU
		{E319B9B6-1D3A-4415-968B-5D2AC0233498}.Release|Any CPU.ActiveCfg = Release|Any CPU
		{E319B9B6-1D3A-4415-968B-5D2AC0233498}.Release|Any CPU.Build.0 = Release|Any CPU
		{E319B9B6-1D3A-4415-968B-5D2AC0233498}.Release|ARM.ActiveCfg = Release|Any CPU
		{E319B9B6-1D3A-4415-968B-5D2AC0233498}.Release|ARM.Build.0 = Release|Any CPU
		{E319B9B6-1D3A-4415-968B-5D2AC0233498}.Release|x64.ActiveCfg = Release|Any CPU
		{E319B9B6-1D3A-4415-968B-5D2AC0233498}.Release|x64.Build.0 = Release|Any CPU
		{E319B9B6-1D3A-4415-968B-5D2AC0233498}.Release|x86.ActiveCfg = Release|Any CPU
		{E319B9B6-1D3A-4415-968B-5D2AC0233498}.Release|x86.Build.0 = Release|Any CPU
		{F66F8B2C-EA31-484B-809A-9B36F169A83C}.Debug|Any CPU.ActiveCfg = Debug|Any CPU
		{F66F8B2C-EA31-484B-809A-9B36F169A83C}.Debug|Any CPU.Build.0 = Debug|Any CPU
		{F66F8B2C-EA31-484B-809A-9B36F169A83C}.Debug|ARM.ActiveCfg = Debug|Any CPU
		{F66F8B2C-EA31-484B-809A-9B36F169A83C}.Debug|ARM.Build.0 = Debug|Any CPU
		{F66F8B2C-EA31-484B-809A-9B36F169A83C}.Debug|x64.ActiveCfg = Debug|Any CPU
		{F66F8B2C-EA31-484B-809A-9B36F169A83C}.Debug|x64.Build.0 = Debug|Any CPU
		{F66F8B2C-EA31-484B-809A-9B36F169A83C}.Debug|x86.ActiveCfg = Debug|Any CPU
		{F66F8B2C-EA31-484B-809A-9B36F169A83C}.Debug|x86.Build.0 = Debug|Any CPU
		{F66F8B2C-EA31-484B-809A-9B36F169A83C}.Release|Any CPU.ActiveCfg = Release|Any CPU
		{F66F8B2C-EA31-484B-809A-9B36F169A83C}.Release|Any CPU.Build.0 = Release|Any CPU
		{F66F8B2C-EA31-484B-809A-9B36F169A83C}.Release|ARM.ActiveCfg = Release|Any CPU
		{F66F8B2C-EA31-484B-809A-9B36F169A83C}.Release|ARM.Build.0 = Release|Any CPU
		{F66F8B2C-EA31-484B-809A-9B36F169A83C}.Release|x64.ActiveCfg = Release|Any CPU
		{F66F8B2C-EA31-484B-809A-9B36F169A83C}.Release|x64.Build.0 = Release|Any CPU
		{F66F8B2C-EA31-484B-809A-9B36F169A83C}.Release|x86.ActiveCfg = Release|Any CPU
		{F66F8B2C-EA31-484B-809A-9B36F169A83C}.Release|x86.Build.0 = Release|Any CPU
		{1E7D6D5B-F4C7-4924-8CB6-946E465A94EE}.Debug|Any CPU.ActiveCfg = Debug|Any CPU
		{1E7D6D5B-F4C7-4924-8CB6-946E465A94EE}.Debug|Any CPU.Build.0 = Debug|Any CPU
		{1E7D6D5B-F4C7-4924-8CB6-946E465A94EE}.Debug|ARM.ActiveCfg = Debug|Any CPU
		{1E7D6D5B-F4C7-4924-8CB6-946E465A94EE}.Debug|ARM.Build.0 = Debug|Any CPU
		{1E7D6D5B-F4C7-4924-8CB6-946E465A94EE}.Debug|x64.ActiveCfg = Debug|Any CPU
		{1E7D6D5B-F4C7-4924-8CB6-946E465A94EE}.Debug|x64.Build.0 = Debug|Any CPU
		{1E7D6D5B-F4C7-4924-8CB6-946E465A94EE}.Debug|x86.ActiveCfg = Debug|Any CPU
		{1E7D6D5B-F4C7-4924-8CB6-946E465A94EE}.Debug|x86.Build.0 = Debug|Any CPU
		{1E7D6D5B-F4C7-4924-8CB6-946E465A94EE}.Release|Any CPU.ActiveCfg = Release|Any CPU
		{1E7D6D5B-F4C7-4924-8CB6-946E465A94EE}.Release|Any CPU.Build.0 = Release|Any CPU
		{1E7D6D5B-F4C7-4924-8CB6-946E465A94EE}.Release|ARM.ActiveCfg = Release|Any CPU
		{1E7D6D5B-F4C7-4924-8CB6-946E465A94EE}.Release|ARM.Build.0 = Release|Any CPU
		{1E7D6D5B-F4C7-4924-8CB6-946E465A94EE}.Release|x64.ActiveCfg = Release|Any CPU
		{1E7D6D5B-F4C7-4924-8CB6-946E465A94EE}.Release|x64.Build.0 = Release|Any CPU
		{1E7D6D5B-F4C7-4924-8CB6-946E465A94EE}.Release|x86.ActiveCfg = Release|Any CPU
		{1E7D6D5B-F4C7-4924-8CB6-946E465A94EE}.Release|x86.Build.0 = Release|Any CPU
	EndGlobalSection
	GlobalSection(SolutionProperties) = preSolution
		HideSolutionNode = FALSE
	EndGlobalSection
EndGlobal
